{
  "name": "reactfarkle",
  "version": "1.0.0",
  "lockfileVersion": 1,
  "requires": true,
  "dependencies": {
    "babel-core": {
      "version": "6.24.1",
      "resolved": "https://registry.npmjs.org/babel-core/-/babel-core-6.24.1.tgz",
      "integrity": "sha1-jEKFZNzh4fQfszfsNPTDsCK1rYM=",
      "dev": true
    },
    "babel-loader": {
      "version": "7.0.0",
      "resolved": "https://registry.npmjs.org/babel-loader/-/babel-loader-7.0.0.tgz",
      "integrity": "sha1-LkOma+4f/0RwUz0EAsikUy+vuvc=",
      "dev": true
    },
    "babel-preset-es2015": {
      "version": "6.24.1",
      "resolved": "https://registry.npmjs.org/babel-preset-es2015/-/babel-preset-es2015-6.24.1.tgz",
      "integrity": "sha1-1EBQ1rwsn+6nAqrzjXJ6AhBTiTk=",
      "dev": true
    },
    "babel-preset-react": {
      "version": "6.24.1",
      "resolved": "https://registry.npmjs.org/babel-preset-react/-/babel-preset-react-6.24.1.tgz",
      "integrity": "sha1-umnfrqRfw+xjm2pOzqbhdwLJE4A=",
      "dev": true
    },
    "bootstrap": {
      "version": "4.3.1",
      "resolved": "https://registry.npmjs.org/bootstrap/-/bootstrap-4.3.1.tgz",
      "integrity": "sha512-rXqOmH1VilAt2DyPzluTi2blhk17bO7ef+zLLPlWvG494pDxcM234pJ8wTc/6R40UWizAIIMgxjvxZg5kmsbag=="
    },
    "css-loader": {
      "version": "3.0.0",
      "resolved": "https://registry.npmjs.org/css-loader/-/css-loader-3.0.0.tgz",
      "integrity": "sha512-WR6KZuCkFbnMhRrGPlkwAA7SSCtwqPwpyXJAPhotYkYsc0mKU9n/fu5wufy4jl2WhBw9Ia8gUQMIp/1w98DuPw==",
      "dev": true,
      "dependencies": {
        "camelcase": {
          "version": "5.3.1",
          "resolved": "https://registry.npmjs.org/camelcase/-/camelcase-5.3.1.tgz",
          "integrity": "sha512-L28STB170nwWS63UjtlEOE3dldQApaJXZkOI1uMFfzf3rRuPegHaHesyee+YxQ+W6SvRDQV6UrdOdRiR153wJg=="
        }
      }
    },
    "html-webpack-plugin": {
      "version": "2.29.0",
      "resolved": "https://registry.npmjs.org/html-webpack-plugin/-/html-webpack-plugin-2.29.0.tgz",
      "integrity": "sha1-6Yf0IYU9O2k4yMTIFxhC5f0XryM=",
      "dev": true,
      "dependencies": {
        "big.js": {
          "version": "3.2.0",
          "resolved": "https://registry.npmjs.org/big.js/-/big.js-3.2.0.tgz",
          "integrity": "sha512-+hN/Zh2D08Mx65pZ/4g5bsmNiZUuChDiQfTUQ7qJr4/kuopCr88xZsAXv6mBoZEsUI4OuGHlX59qE94K2mMW8Q=="
        },
        "loader-utils": {
          "version": "0.2.17",
          "resolved": "https://registry.npmjs.org/loader-utils/-/loader-utils-0.2.17.tgz",
          "integrity": "sha1-+G5jdNQyBabmxg6RlvF8Apm/s0g="
        }
      }
    },
    "jquery": {
      "version": "3.5.0",
      "resolved": "https://registry.npmjs.org/jquery/-/jquery-3.5.0.tgz",
      "integrity": "sha512-Xb7SVYMvygPxbFMpTFQiHh1J7HClEaThguL15N/Gg37Lri/qKyhRGZYzHRyLH8Stq3Aow0LsHO2O2ci86fCrNQ=="
    },
    "popper.js": {
      "version": "1.15.0",
      "resolved": "https://registry.npmjs.org/popper.js/-/popper.js-1.15.0.tgz",
      "integrity": "sha512-w010cY1oCUmI+9KwwlWki+r5jxKfTFDVoadl7MSrIujHU5MJ5OR6HTDj6Xo8aoR/QsA56x8jKjA59qGH4ELtrA=="
    },
    "prop-types": {
      "version": "15.5.10",
      "resolved": "https://registry.npmjs.org/prop-types/-/prop-types-15.5.10.tgz",
      "integrity": "sha1-J5ffwxJhguOpXj37suiT3ddFYVQ="
    },
    "react": {
      "version": "15.5.4",
      "resolved": "https://registry.npmjs.org/react/-/react-15.5.4.tgz",
      "integrity": "sha1-+oPrAVBqsjfNwcjDsc6o3gEr8Ec="
    },
    "react-dom": {
      "version": "15.5.4",
      "resolved": "https://registry.npmjs.org/react-dom/-/react-dom-15.5.4.tgz",
      "integrity": "sha1-ugwoeG/VLtfk8hNf4CiNRirvk9o=",
      "dependencies": {
        "prop-types": {
          "version": "15.5.10",
          "resolved": "https://registry.npmjs.org/prop-types/-/prop-types-15.5.10.tgz",
          "integrity": "sha1-J5ffwxJhguOpXj37suiT3ddFYVQ="
        }
      }
    },
    "react-hot-loader": {
      "version": "3.0.0-beta.7",
      "resolved": "https://registry.npmjs.org/react-hot-loader/-/react-hot-loader-3.0.0-beta.7.tgz",
      "integrity": "sha1-1YR7gWXXMcTVsw2G1dRxYieg+oM=",
      "dev": true,
      "dependencies": {
        "source-map": {
          "version": "0.4.4",
          "resolved": "https://registry.npmjs.org/source-map/-/source-map-0.4.4.tgz",
          "integrity": "sha1-66T12pwNyZneaAMti092FzZSA2s="
        }
      }
    },
    "style-loader": {
      "version": "0.23.1",
      "resolved": "https://registry.npmjs.org/style-loader/-/style-loader-0.23.1.tgz",
      "integrity": "sha512-XK+uv9kWwhZMZ1y7mysB+zoihsEj4wneFWAS5qoiLwzW0WzSqMrrsIy+a3zkQJq0ipFtBpX5W3MqyRIBF/WFGg==",
      "dev": true
    },
    "webpack": {
      "version": "3.4.0",
      "resolved": "https://registry.npmjs.org/webpack/-/webpack-3.4.0.tgz",
      "integrity": "sha1-6UZbZgrXndLTOHTZaLMXRuqajmM=",
      "dev": true
    },
    "webpack-dev-server": {
      "version": "2.5.0",
      "resolved": "https://registry.npmjs.org/webpack-dev-server/-/webpack-dev-server-2.5.0.tgz",
      "integrity": "sha1-TTanKLA7iyr6SO0wJCiEfOooQK0=",
      "dev": true,
      "dependencies": {
        "anymatch": {
          "version": "1.3.2",
          "resolved": "https://registry.npmjs.org/anymatch/-/anymatch-1.3.2.tgz",
          "integrity": "sha512-0XNayC8lTHQ2OI8aljNCN3sSx6hsr/1+rlcDAotXJR7C1oZZHCNsfpbKwMjRA3Uqb5tF1Rae2oloTr4xpq+WjA=="
        },
        "arr-diff": {
          "version": "2.0.0",
          "resolved": "https://registry.npmjs.org/arr-diff/-/arr-diff-2.0.0.tgz",
          "integrity": "sha1-jzuCf5Vai9ZpaX5KQlasPOrjVs8="
        },
        "array-unique": {
          "version": "0.2.1",
          "resolved": "https://registry.npmjs.org/array-unique/-/array-unique-0.2.1.tgz",
          "integrity": "sha1-odl8yvy8JiXMcPrc6zalDFiwGlM="
        },
        "braces": {
          "version": "1.8.5",
          "resolved": "https://registry.npmjs.org/braces/-/braces-1.8.5.tgz",
          "integrity": "sha1-uneWLhLf+WnWt2cR6RS3N4V79qc="
        },
        "camelcase": {
          "version": "3.0.0",
          "resolved": "https://registry.npmjs.org/camelcase/-/camelcase-3.0.0.tgz",
          "integrity": "sha1-MvxLn82vhF/N9+c7uXysImHwqwo="
        },
        "chokidar": {
          "version": "1.7.0",
          "resolved": "https://registry.npmjs.org/chokidar/-/chokidar-1.7.0.tgz",
          "integrity": "sha1-eY5ol3gVHIB2tLNg5e3SjNortGg="
        },
        "cliui": {
          "version": "3.2.0",
          "resolved": "https://registry.npmjs.org/cliui/-/cliui-3.2.0.tgz",
          "integrity": "sha1-EgYBU3qRbSmUD5NNo7SNWFo5IT0="
        },
        "expand-brackets": {
          "version": "0.1.5",
          "resolved": "https://registry.npmjs.org/expand-brackets/-/expand-brackets-0.1.5.tgz",
          "integrity": "sha1-3wcoTjQqgHzXM6xa9yQR5YHRF3s="
        },
        "extglob": {
          "version": "0.3.2",
          "resolved": "https://registry.npmjs.org/extglob/-/extglob-0.3.2.tgz",
          "integrity": "sha1-Lhj/PS9JqydlzskCPwEdqo2DSaE="
        },
        "find-up": {
          "version": "1.1.2",
          "resolved": "https://registry.npmjs.org/find-up/-/find-up-1.1.2.tgz",
          "integrity": "sha1-ay6YIrGizgpgq2TWEOzK1TyyTQ8="
        },
        "glob-parent": {
          "version": "2.0.0",
          "resolved": "https://registry.npmjs.org/glob-parent/-/glob-parent-2.0.0.tgz",
          "integrity": "sha1-gTg9ctsFT8zPUzbaqQLxgvbtuyg="
        },
        "has-flag": {
          "version": "1.0.0",
          "resolved": "https://registry.npmjs.org/has-flag/-/has-flag-1.0.0.tgz",
          "integrity": "sha1-nZ55MWXOAXoA8AQYxD+UKnsdEfo="
        },
        "is-extglob": {
          "version": "1.0.0",
          "resolved": "https://registry.npmjs.org/is-extglob/-/is-extglob-1.0.0.tgz",
          "integrity": "sha1-rEaBd8SUNAWgkvyPKXYMb/xiBsA="
        },
        "is-glob": {
          "version": "2.0.1",
          "resolved": "https://registry.npmjs.org/is-glob/-/is-glob-2.0.1.tgz",
          "integrity": "sha1-0Jb5JqPe1WAPP9/ZEZjLCIjC2GM="
        },
        "load-json-file": {
          "version": "1.1.0",
          "resolved": "https://registry.npmjs.org/load-json-file/-/load-json-file-1.1.0.tgz",
          "integrity": "sha1-lWkFcI1YtLq0wiYbBPWfMcmTdMA="
        },
        "micromatch": {
          "version": "2.3.11",
          "resolved": "https://registry.npmjs.org/micromatch/-/micromatch-2.3.11.tgz",
          "integrity": "sha1-hmd8l9FyCzY0MdBNDRUpO9OMFWU="
        },
        "normalize-path": {
          "version": "2.1.1",
          "resolved": "https://registry.npmjs.org/normalize-path/-/normalize-path-2.1.1.tgz",
          "integrity": "sha1-GrKLVW4Zg2Oowab35vogE3/mrtk="
        },
        "os-locale": {
          "version": "1.4.0",
          "resolved": "https://registry.npmjs.org/os-locale/-/os-locale-1.4.0.tgz",
          "integrity": "sha1-IPnxeuKe00XoveWDsT0gCYA8FNk="
        },
        "path-exists": {
          "version": "2.1.0",
          "resolved": "https://registry.npmjs.org/path-exists/-/path-exists-2.1.0.tgz",
          "integrity": "sha1-D+tsZPD8UY2adU3V77YscCJ2H0s="
        },
        "path-type": {
          "version": "1.1.0",
          "resolved": "https://registry.npmjs.org/path-type/-/path-type-1.1.0.tgz",
          "integrity": "sha1-WcRPfuSR2nBNpBXaWkBwuk+P5EE="
        },
        "read-pkg": {
          "version": "1.1.0",
          "resolved": "https://registry.npmjs.org/read-pkg/-/read-pkg-1.1.0.tgz",
          "integrity": "sha1-9f+qXs0pyzHAR0vKfXVra7KePyg="
        },
        "read-pkg-up": {
          "version": "1.0.1",
          "resolved": "https://registry.npmjs.org/read-pkg-up/-/read-pkg-up-1.0.1.tgz",
          "integrity": "sha1-nWPBMnbAZZGNV/ACpX9AobZD+wI="
        },
        "string-width": {
          "version": "1.0.2",
          "resolved": "https://registry.npmjs.org/string-width/-/string-width-1.0.2.tgz",
          "integrity": "sha1-EYvfW4zcUaKn5w0hHgfisLmxB9M="
        },
        "strip-bom": {
          "version": "2.0.0",
          "resolved": "https://registry.npmjs.org/strip-bom/-/strip-bom-2.0.0.tgz",
          "integrity": "sha1-YhmoVhZSBJHzV4i9vxRHqZx+aw4="
        },
        "supports-color": {
          "version": "3.2.3",
          "resolved": "https://registry.npmjs.org/supports-color/-/supports-color-3.2.3.tgz",
          "integrity": "sha1-ZawFBLOVQXHYpklGsq48u4pfVPY="
        },
        "which-module": {
          "version": "1.0.0",
          "resolved": "https://registry.npmjs.org/which-module/-/which-module-1.0.0.tgz",
          "integrity": "sha1-u6Y8qGGUiZT/MHc2CJ47lgJsKk8="
        },
        "yargs": {
          "version": "6.6.0",
          "resolved": "https://registry.npmjs.org/yargs/-/yargs-6.6.0.tgz",
          "integrity": "sha1-eC7CHvQDNF+DCoCMo9UTr1YGUgg="
        },
        "yargs-parser": {
          "version": "4.2.1",
          "resolved": "https://registry.npmjs.org/yargs-parser/-/yargs-parser-4.2.1.tgz",
          "integrity": "sha1-KczqwNxPA8bIe0qfIX3RjJ90hxw="
        }
      }
    }
  }
}
